
Microsoft Visual Studio Solution File, Format Version 12.00
# Visual Studio Version 16
VisualStudioVersion = 16.0.31129.286
MinimumVisualStudioVersion = 10.0.40219.1
Project("{FAE04EC0-301F-11D3-BF4B-00C04F79EFBC}") = "NeuralNetwork", "NeuralNetwork\NeuralNetwork.csproj", "{341A8F05-4803-466F-8A2B-A1B6261F54ED}"
EndProject
Global
	GlobalSection(SolutionConfigurationPlatforms) = preSolution
		Debug|Any CPU = Debug|Any CPU
		Release|Any CPU = Release|Any CPU
	EndGlobalSection
	GlobalSection(ProjectConfigurationPlatforms) = postSolution
		{341A8F05-4803-466F-8A2B-A1B6261F54ED}.Debug|Any CPU.ActiveCfg = Debug|Any CPU
		{341A8F05-4803-466F-8A2B-A1B6261F54ED}.Debug|Any CPU.Build.0 = Debug|Any CPU
		{341A8F05-4803-466F-8A2B-A1B6261F54ED}.Release|Any CPU.ActiveCfg = Release|Any CPU
		{341A8F05-4803-466F-8A2B-A1B6261F54ED}.Release|Any CPU.Build.0 = Release|Any CPU
	EndGlobalSection
	GlobalSection(SolutionProperties) = preSolution
		HideSolutionNode = FALSE
	EndGlobalSection
	GlobalSection(ExtensibilityGlobals) = postSolution
		SolutionGuid = {BEB6F052-1D86-4E64-8576-EB1F1FAFDB16}
	EndGlobalSection
EndGlobal
